{
  "originHash" : "ccf95e2d9c4eae2c2d90cc3119c89309096459b4828759880a2ddea65d6bb656",
  "pins" : [
    {
      "identity" : "combineext",
      "kind" : "remoteSourceControl",
      "location" : "https://github.com/CombineCommunity/CombineExt.git",
      "state" : {
        "revision" : "0880829102152185190064fd17847a7c681d2127",
        "version" : "1.5.1"
      }
    },
    {
      "identity" : "modernribs",
      "kind" : "remoteSourceControl",
      "location" : "https://github.com/DevYeom/ModernRIBs",
      "state" : {
        "revision" : "5e0a67365a1fb18ca06b919dbf53608843ddc284",
        "version" : "1.0.1"
      }
    }
  ],
  "version" : 3
}
